
Microsoft Visual Studio Solution File, Format Version 12.00
# Visual Studio Version 17
VisualStudioVersion = 17.3.32825.248
MinimumVisualStudioVersion = 10.0.40219.1
Project("{FAE04EC0-301F-11D3-BF4B-00C04F79EFBC}") = "MyCoreApp", "MyCoreApp\MyCoreApp.csproj", "{5B51B797-B8F1-4AE1-AF62-9C658043D5CA}"
EndProject
Global
	GlobalSection(SolutionConfigurationPlatforms) = preSolution
		Debug|Any CPU = Debug|Any CPU
		Release|Any CPU = Release|Any CPU
	EndGlobalSection
	GlobalSection(ProjectConfigurationPlatforms) = postSolution
		{5B51B797-B8F1-4AE1-AF62-9C658043D5CA}.Debug|Any CPU.ActiveCfg = Debug|Any CPU
		{5B51B797-B8F1-4AE1-AF62-9C658043D5CA}.Debug|Any CPU.Build.0 = Debug|Any CPU
		{5B51B797-B8F1-4AE1-AF62-9C658043D5CA}.Release|Any CPU.ActiveCfg = Release|Any CPU
		{5B51B797-B8F1-4AE1-AF62-9C658043D5CA}.Release|Any CPU.Build.0 = Release|Any CPU
	EndGlobalSection
	GlobalSection(SolutionProperties) = preSolution
		HideSolutionNode = FALSE
	EndGlobalSection
	GlobalSection(ExtensibilityGlobals) = postSolution
		SolutionGuid = {7C8A453D-1766-4880-98A1-23FA78F6C45C}
	EndGlobalSection
EndGlobal
